{
  "originHash" : "6e3e50a0855063f6b72de8ec03edca91c02e96570b715103296cfac4203713b2",
  "pins" : [
    {
      "identity" : "galah",
      "kind" : "remoteSourceControl",
      "location" : "https://github.com/wabiverse/galah.git",
      "state" : {
        "revision" : "9d829bdd244676ef77b2bd219093c59a6315adaf",
        "version" : "1.0.1"
      }
    },
    {
      "identity" : "icu",
      "kind" : "remoteSourceControl",
      "location" : "https://github.com/wabiverse/icu.git",
      "state" : {
        "revision" : "156397c5079b709c9e871d27794284dc4905a794",
        "version" : "76.1.0"
      }
    },
    {
      "identity" : "metaversekit",
      "kind" : "remoteSourceControl",
      "location" : "https://github.com/wabiverse/MetaverseKit",
      "state" : {
        "revision" : "e381050a3b9606ffd592ad9612e615a9ed670650",
        "version" : "1.8.5"
      }
    },
    {
      "identity" : "metaversepythonframework",
      "kind" : "remoteSourceControl",
      "location" : "https://github.com/wabiverse/MetaversePythonFramework",
      "state" : {
        "revision" : "e2f4ba867b7e287a283a27a0005ab64deef14279",
        "version" : "3.11.7"
      }
    },
    {
      "identity" : "metaversevulkanframework",
      "kind" : "remoteSourceControl",
      "location" : "https://github.com/wabiverse/MetaverseVulkanFramework",
      "state" : {
        "revision" : "13c7061599c61a4959c558d8ec1836e5b32b640b",
        "version" : "1.26.2"
      }
    },
    {
      "identity" : "pythonkit",
      "kind" : "remoteSourceControl",
      "location" : "https://github.com/pvieito/PythonKit.git",
      "state" : {
        "revision" : "43647b36cacb99558e57ef98e97ef598f91d1164",
        "version" : "0.5.0"
      }
    },
    {
      "identity" : "rainbow",
      "kind" : "remoteSourceControl",
      "location" : "https://github.com/onevcat/Rainbow.git",
      "state" : {
        "revision" : "626c3d4b6b55354b4af3aa309f998fae9b31a3d9",
        "version" : "3.2.0"
      }
    },
    {
      "identity" : "swift-argument-parser",
      "kind" : "remoteSourceControl",
      "location" : "https://github.com/apple/swift-argument-parser.git",
      "state" : {
        "revision" : "0fbc8848e389af3bb55c182bc19ca9d5dc2f255b",
        "version" : "1.4.0"
      }
    },
    {
      "identity" : "swift-docc-plugin",
      "kind" : "remoteSourceControl",
      "location" : "https://github.com/apple/swift-docc-plugin",
      "state" : {
        "revision" : "26ac5758409154cc448d7ab82389c520fa8a8247",
        "version" : "1.3.0"
      }
    },
    {
      "identity" : "swift-docc-symbolkit",
      "kind" : "remoteSourceControl",
      "location" : "https://github.com/apple/swift-docc-symbolkit",
      "state" : {
        "revision" : "b45d1f2ed151d057b54504d653e0da5552844e34",
        "version" : "1.0.0"
      }
    },
    {
      "identity" : "swift-log",
      "kind" : "remoteSourceControl",
      "location" : "https://github.com/apple/swift-log.git",
      "state" : {
        "revision" : "9cb486020ebf03bfa5b5df985387a14a98744537",
        "version" : "1.6.1"
      }
    },
    {
      "identity" : "swift-macro-toolkit",
      "kind" : "remoteSourceControl",
      "location" : "https://github.com/stackotter/swift-macro-toolkit",
      "state" : {
        "revision" : "687075e7bf976e121d083e922a07c7a9350ca85d",
        "version" : "0.4.0"
      }
    },
    {
      "identity" : "swift-syntax",
      "kind" : "remoteSourceControl",
      "location" : "https://github.com/apple/swift-syntax.git",
      "state" : {
        "revision" : "2bc86522d115234d1f588efe2bcb4ce4be8f8b82",
        "version" : "510.0.3"
      }
    },
    {
      "identity" : "version",
      "kind" : "remoteSourceControl",
      "location" : "https://github.com/mxcl/Version.git",
      "state" : {
        "revision" : "1fe824b80d89201652e7eca7c9252269a1d85e25",
        "version" : "2.0.1"
      }
    }
  ],
  "version" : 3
}
