{
  "pins" : [
    {
      "identity" : "metaversekit",
      "kind" : "remoteSourceControl",
      "location" : "https://github.com/wabiverse/MetaverseKit.git",
      "state" : {
        "revision" : "4963948eb1e4f1e37b3160ae5c7609b44b2304b3",
        "version" : "1.1.9"
      }
    }
  ],
  "version" : 2
}
