{
  "pins" : [
    {
      "identity" : "metaversekit",
      "kind" : "remoteSourceControl",
      "location" : "https://github.com/wabiverse/MetaverseKit.git",
      "state" : {
        "revision" : "ae08f7442610a2aa8011c93dbdee0fc21b6f454a",
        "version" : "1.2.6"
      }
    }
  ],
  "version" : 2
}
